// !$*UTF8*$!
{
	archiveVersion = 1;
	classes = {
	};
	objectVersion = 46;
	objects = {

/* Begin PBXBuildFile section */
		5569F8201E15FEC700914C51 /* main.m in Sources */ = {isa = PBXBuildFile; fileRef = 5569F81F1E15FEC700914C51 /* main.m */; };
		5569F8231E15FEC700914C51 /* AppDelegate.m in Sources */ = {isa = PBXBuildFile; fileRef = 5569F8221E15FEC700914C51 /* AppDelegate.m */; };
		5569F8261E15FEC700914C51 /* ViewController.m in Sources */ = {isa = PBXBuildFile; fileRef = 5569F8251E15FEC700914C51 /* ViewController.m */; };
		5569F8291E15FEC700914C51 /* Main.storyboard in Resources */ = {isa = PBXBuildFile; fileRef = 5569F8271E15FEC700914C51 /* Main.storyboard */; };
		5569F82B1E15FEC700914C51 /* Assets.xcassets in Resources */ = {isa = PBXBuildFile; fileRef = 5569F82A1E15FEC700914C51 /* Assets.xcassets */; };
		5569F82E1E15FEC700914C51 /* LaunchScreen.storyboard in Resources */ = {isa = PBXBuildFile; fileRef = 5569F82C1E15FEC700914C51 /* LaunchScreen.storyboard */; };
		5569F8391E15FEC700914C51 /* FirstDemoTests.m in Sources */ = {isa = PBXBuildFile; fileRef = 5569F8381E15FEC700914C51 /* FirstDemoTests.m */; };
		5569F8441E15FEC700914C51 /* FirstDemoUITests.m in Sources */ = {isa = PBXBuildFile; fileRef = 5569F8431E15FEC700914C51 /* FirstDemoUITests.m */; };
/* End PBXBuildFile section */

/* Begin PBXContainerItemProxy section */
		5569F8351E15FEC700914C51 /* PBXContainerItemProxy */ = {
			isa = PBXContainerItemProxy;
			containerPortal = 5569F8131E15FEC700914C51 /* Project object */;
			proxyType = 1;
			remoteGlobalIDString = 5569F81A1E15FEC700914C51;
			remoteInfo = FirstDemo;
		};
		5569F8401E15FEC700914C51 /* PBXContainerItemProxy */ = {
			isa = PBXContainerItemProxy;
			containerPortal = 5569F8131E15FEC700914C51 /* Project object */;
			proxyType = 1;
			remoteGlobalIDString = 5569F81A1E15FEC700914C51;
			remoteInfo = FirstDemo;
		};
/* End PBXContainerItemProxy section */

/* Begin PBXFileReference section */
		5569F81B1E15FEC700914C51 /* FirstDemo.app */ = {isa = PBXFileReference; explicitFileType = wrapper.application; includeInIndex = 0; path = FirstDemo.app; sourceTree = BUILT_PRODUCTS_DIR; };
		5569F81F1E15FEC700914C51 /* main.m */ = {isa = PBXFileReference; lastKnownFileType = sourcecode.c.objc; path = main.m; sourceTree = "<group>"; };
		5569F8211E15FEC700914C51 /* AppDelegate.h */ = {isa = PBXFileReference; lastKnownFileType = sourcecode.c.h; path = AppDelegate.h; sourceTree = "<group>"; };
		5569F8221E15FEC700914C51 /* AppDelegate.m */ = {isa = PBXFileReference; lastKnownFileType = sourcecode.c.objc; path = AppDelegate.m; sourceTree = "<group>"; };
		5569F8241E15FEC700914C51 /* ViewController.h */ = {isa = PBXFileReference; lastKnownFileType = sourcecode.c.h; path = ViewController.h; sourceTree = "<group>"; };
		5569F8251E15FEC700914C51 /* ViewController.m */ = {isa = PBXFileReference; lastKnownFileType = sourcecode.c.objc; path = ViewController.m; sourceTree = "<group>"; };
		5569F8281E15FEC700914C51 /* Base */ = {isa = PBXFileReference; lastKnownFileType = file.storyboard; name = Base; path = Base.lproj/Main.storyboard; sourceTree = "<group>"; };
		5569F82A1E15FEC700914C51 /* Assets.xcassets */ = {isa = PBXFileReference; lastKnownFileType = folder.assetcatalog; path = Assets.xcassets; sourceTree = "<group>"; };
		5569F82D1E15FEC700914C51 /* Base */ = {isa = PBXFileReference; lastKnownFileType = file.storyboard; name = Base; path = Base.lproj/LaunchScreen.storyboard; sourceTree = "<group>"; };
		5569F82F1E15FEC700914C51 /* Info.plist */ = {isa = PBXFileReference; lastKnownFileType = text.plist.xml; path = Info.plist; sourceTree = "<group>"; };
		5569F8341E15FEC700914C51 /* FirstDemoTests.xctest */ = {isa = PBXFileReference; explicitFileType = wrapper.cfbundle; includeInIndex = 0; path = FirstDemoTests.xctest; sourceTree = BUILT_PRODUCTS_DIR; };
		5569F8381E15FEC700914C51 /* FirstDemoTests.m */ = {isa = PBXFileReference; lastKnownFileType = sourcecode.c.objc; path = FirstDemoTests.m; sourceTree = "<group>"; };
		5569F83A1E15FEC700914C51 /* Info.plist */ = {isa = PBXFileReference; lastKnownFileType = text.plist.xml; path = Info.plist; sourceTree = "<group>"; };
		5569F83F1E15FEC700914C51 /* FirstDemoUITests.xctest */ = {isa = PBXFileReference; explicitFileType = wrapper.cfbundle; includeInIndex = 0; path = FirstDemoUITests.xctest; sourceTree = BUILT_PRODUCTS_DIR; };
		5569F8431E15FEC700914C51 /* FirstDemoUITests.m */ = {isa = PBXFileReference; lastKnownFileType = sourcecode.c.objc; path = FirstDemoUITests.m; sourceTree = "<group>"; };
		5569F8451E15FEC700914C51 /* Info.plist */ = {isa = PBXFileReference; lastKnownFileType = text.plist.xml; path = Info.plist; sourceTree = "<group>"; };
/* End PBXFileReference section */

/* Begin PBXFrameworksBuildPhase section */
		5569F8181E15FEC700914C51 /* Frameworks */ = {
			isa = PBXFrameworksBuildPhase;
			buildActionMask = 2147483647;
			files = (
			);
			runOnlyForDeploymentPostprocessing = 0;
		};
		5569F8311E15FEC700914C51 /* Frameworks */ = {
			isa = PBXFrameworksBuildPhase;
			buildActionMask = 2147483647;
			files = (
			);
			runOnlyForDeploymentPostprocessing = 0;
		};
		5569F83C1E15FEC700914C51 /* Frameworks */ = {
			isa = PBXFrameworksBuildPhase;
			buildActionMask = 2147483647;
			files = (
			);
			runOnlyForDeploymentPostprocessing = 0;
		};
/* End PBXFrameworksBuildPhase section */

/* Begin PBXGroup section */
		5569F8121E15FEC700914C51 = {
			isa = PBXGroup;
			children = (
				5569F81D1E15FEC700914C51 /* FirstDemo */,
				5569F8371E15FEC700914C51 /* FirstDemoTests */,
				5569F8421E15FEC700914C51 /* FirstDemoUITests */,
				5569F81C1E15FEC700914C51 /* Products */,
			);
			sourceTree = "<group>";
		};
		5569F81C1E15FEC700914C51 /* Products */ = {
			isa = PBXGroup;
			children = (
				5569F81B1E15FEC700914C51 /* FirstDemo.app */,
				5569F8341E15FEC700914C51 /* FirstDemoTests.xctest */,
				5569F83F1E15FEC700914C51 /* FirstDemoUITests.xctest */,
			);
			name = Products;
			sourceTree = "<group>";
		};
		5569F81D1E15FEC700914C51 /* FirstDemo */ = {
			isa = PBXGroup;
			children = (
				5569F8211E15FEC700914C51 /* AppDelegate.h */,
				5569F8221E15FEC700914C51 /* AppDelegate.m */,
				5569F8241E15FEC700914C51 /* ViewController.h */,
				5569F8251E15FEC700914C51 /* ViewController.m */,
				5569F8271E15FEC700914C51 /* Main.storyboard */,
				5569F82A1E15FEC700914C51 /* Assets.xcassets */,
				5569F82C1E15FEC700914C51 /* LaunchScreen.storyboard */,
				5569F82F1E15FEC700914C51 /* Info.plist */,
				5569F81E1E15FEC700914C51 /* Supporting Files */,
			);
			path = FirstDemo;
			sourceTree = "<group>";
		};
		5569F81E1E15FEC700914C51 /* Supporting Files */ = {
			isa = PBXGroup;
			children = (
				5569F81F1E15FEC700914C51 /* main.m */,
			);
			name = "Supporting Files";
			sourceTree = "<group>";
		};
		5569F8371E15FEC700914C51 /* FirstDemoTests */ = {
			isa = PBXGroup;
			children = (
				5569F8381E15FEC700914C51 /* FirstDemoTests.m */,
				5569F83A1E15FEC700914C51 /* Info.plist */,
			);
			path = FirstDemoTests;
			sourceTree = "<group>";
		};
		5569F8421E15FEC700914C51 /* FirstDemoUITests */ = {
			isa = PBXGroup;
			children = (
				5569F8431E15FEC700914C51 /* FirstDemoUITests.m */,
				5569F8451E15FEC700914C51 /* Info.plist */,
			);
			path = FirstDemoUITests;
			sourceTree = "<group>";
		};
/* End PBXGroup section */

/* Begin PBXNativeTarget section */
		5569F81A1E15FEC700914C51 /* FirstDemo */ = {
			isa = PBXNativeTarget;
			buildConfigurationList = 5569F8481E15FEC700914C51 /* Build configuration list for PBXNativeTarget "FirstDemo" */;
			buildPhases = (
				5569F8171E15FEC700914C51 /* Sources */,
				5569F8181E15FEC700914C51 /* Frameworks */,
				5569F8191E15FEC700914C51 /* Resources */,
			);
			buildRules = (
			);
			dependencies = (
			);
			name = FirstDemo;
			productName = FirstDemo;
			productReference = 5569F81B1E15FEC700914C51 /* FirstDemo.app */;
			productType = "com.apple.product-type.application";
		};
		5569F8331E15FEC700914C51 /* FirstDemoTests */ = {
			isa = PBXNativeTarget;
			buildConfigurationList = 5569F84B1E15FEC700914C51 /* Build configuration list for PBXNativeTarget "FirstDemoTests" */;
			buildPhases = (
				5569F8301E15FEC700914C51 /* Sources */,
				5569F8311E15FEC700914C51 /* Frameworks */,
				5569F8321E15FEC700914C51 /* Resources */,
			);
			buildRules = (
			);
			dependencies = (
				5569F8361E15FEC700914C51 /* PBXTargetDependency */,
			);
			name = FirstDemoTests;
			productName = FirstDemoTests;
			productReference = 5569F8341E15FEC700914C51 /* FirstDemoTests.xctest */;
			productType = "com.apple.product-type.bundle.unit-test";
		};
		5569F83E1E15FEC700914C51 /* FirstDemoUITests */ = {
			isa = PBXNativeTarget;
			buildConfigurationList = 5569F84E1E15FEC700914C51 /* Build configuration list for PBXNativeTarget "FirstDemoUITests" */;
			buildPhases = (
				5569F83B1E15FEC700914C51 /* Sources */,
				5569F83C1E15FEC700914C51 /* Frameworks */,
				5569F83D1E15FEC700914C51 /* Resources */,
			);
			buildRules = (
			);
			dependencies = (
				5569F8411E15FEC700914C51 /* PBXTargetDependency */,
			);
			name = FirstDemoUITests;
			productName = FirstDemoUITests;
			productReference = 5569F83F1E15FEC700914C51 /* FirstDemoUITests.xctest */;
			productType = "com.apple.product-type.bundle.ui-testing";
		};
/* End PBXNativeTarget section */

/* Begin PBXProject section */
		5569F8131E15FEC700914C51 /* Project object */ = {
			isa = PBXProject;
			attributes = {
				LastUpgradeCheck = 0810;
				ORGANIZATIONNAME = BluelansMac;
				TargetAttributes = {
					5569F81A1E15FEC700914C51 = {
						CreatedOnToolsVersion = 8.1;
						DevelopmentTeam = R2E5LV57X7;
						ProvisioningStyle = Automatic;
					};
					5569F8331E15FEC700914C51 = {
						CreatedOnToolsVersion = 8.1;
						ProvisioningStyle = Automatic;
						TestTargetID = 5569F81A1E15FEC700914C51;
					};
					5569F83E1E15FEC700914C51 = {
						CreatedOnToolsVersion = 8.1;
						ProvisioningStyle = Automatic;
						TestTargetID = 5569F81A1E15FEC700914C51;
					};
				};
			};
			buildConfigurationList = 5569F8161E15FEC700914C51 /* Build configuration list for PBXProject "FirstDemo" */;
			compatibilityVersion = "Xcode 3.2";
			developmentRegion = English;
			hasScannedForEncodings = 0;
			knownRegions = (
				en,
				Base,
			);
			mainGroup = 5569F8121E15FEC700914C51;
			productRefGroup = 5569F81C1E15FEC700914C51 /* Products */;
			projectDirPath = "";
			projectRoot = "";
			targets = (
				5569F81A1E15FEC700914C51 /* FirstDemo */,
				5569F8331E15FEC700914C51 /* FirstDemoTests */,
				5569F83E1E15FEC700914C51 /* FirstDemoUITests */,
			);
		};
/* End PBXProject section */

/* Begin PBXResourcesBuildPhase section */
		5569F8191E15FEC700914C51 /* Resources */ = {
			isa = PBXResourcesBuildPhase;
			buildActionMask = 2147483647;
			files = (
				5569F82E1E15FEC700914C51 /* LaunchScreen.storyboard in Resources */,
				5569F82B1E15FEC700914C51 /* Assets.xcassets in Resources */,
				5569F8291E15FEC700914C51 /* Main.storyboard in Resources */,
			);
			runOnlyForDeploymentPostprocessing = 0;
		};
		5569F8321E15FEC700914C51 /* Resources */ = {
			isa = PBXResourcesBuildPhase;
			buildActionMask = 2147483647;
			files = (
			);
			runOnlyForDeploymentPostprocessing = 0;
		};
		5569F83D1E15FEC700914C51 /* Resources */ = {
			isa = PBXResourcesBuildPhase;
			buildActionMask = 2147483647;
			files = (
			);
			runOnlyForDeploymentPostprocessing = 0;
		};
/* End PBXResourcesBuildPhase section */

/* Begin PBXSourcesBuildPhase section */
		5569F8171E15FEC700914C51 /* Sources */ = {
			isa = PBXSourcesBuildPhase;
			buildActionMask = 2147483647;
			files = (
				5569F8261E15FEC700914C51 /* ViewController.m in Sources */,
				5569F8231E15FEC700914C51 /* AppDelegate.m in Sources */,
				5569F8201E15FEC700914C51 /* main.m in Sources */,
			);
			runOnlyForDeploymentPostprocessing = 0;
		};
		5569F8301E15FEC700914C51 /* Sources */ = {
			isa = PBXSourcesBuildPhase;
			buildActionMask = 2147483647;
			files = (
				5569F8391E15FEC700914C51 /* FirstDemoTests.m in Sources */,
			);
			runOnlyForDeploymentPostprocessing = 0;
		};
		5569F83B1E15FEC700914C51 /* Sources */ = {
			isa = PBXSourcesBuildPhase;
			buildActionMask = 2147483647;
			files = (
				5569F8441E15FEC700914C51 /* FirstDemoUITests.m in Sources */,
			);
			runOnlyForDeploymentPostprocessing = 0;
		};
/* End PBXSourcesBuildPhase section */

/* Begin PBXTargetDependency section */
		5569F8361E15FEC700914C51 /* PBXTargetDependency */ = {
			isa = PBXTargetDependency;
			target = 5569F81A1E15FEC700914C51 /* FirstDemo */;
			targetProxy = 5569F8351E15FEC700914C51 /* PBXContainerItemProxy */;
		};
		5569F8411E15FEC700914C51 /* PBXTargetDependency */ = {
			isa = PBXTargetDependency;
			target = 5569F81A1E15FEC700914C51 /* FirstDemo */;
			targetProxy = 5569F8401E15FEC700914C51 /* PBXContainerItemProxy */;
		};
/* End PBXTargetDependency section */

/* Begin PBXVariantGroup section */
		5569F8271E15FEC700914C51 /* Main.storyboard */ = {
			isa = PBXVariantGroup;
			children = (
				5569F8281E15FEC700914C51 /* Base */,
			);
			name = Main.storyboard;
			sourceTree = "<group>";
		};
		5569F82C1E15FEC700914C51 /* LaunchScreen.storyboard */ = {
			isa = PBXVariantGroup;
			children = (
				5569F82D1E15FEC700914C51 /* Base */,
			);
			name = LaunchScreen.storyboard;
			sourceTree = "<group>";
		};
/* End PBXVariantGroup section */

/* Begin XCBuildConfiguration section */
		5569F8461E15FEC700914C51 /* Debug */ = {
			isa = XCBuildConfiguration;
			buildSettings = {
				ALWAYS_SEARCH_USER_PATHS = NO;
				CLANG_ANALYZER_NONNULL = YES;
				CLANG_CXX_LANGUAGE_STANDARD = "gnu++0x";
				CLANG_CXX_LIBRARY = "libc++";
				CLANG_ENABLE_MODULES = YES;
				CLANG_ENABLE_OBJC_ARC = YES;
				CLANG_WARN_BOOL_CONVERSION = YES;
				CLANG_WARN_CONSTANT_CONVERSION = YES;
				CLANG_WARN_DIRECT_OBJC_ISA_USAGE = YES_ERROR;
				CLANG_WARN_DOCUMENTATION_COMMENTS = YES;
				CLANG_WARN_EMPTY_BODY = YES;
				CLANG_WARN_ENUM_CONVERSION = YES;
				CLANG_WARN_INFINITE_RECURSION = YES;
				CLANG_WARN_INT_CONVERSION = YES;
				CLANG_WARN_OBJC_ROOT_CLASS = YES_ERROR;
				CLANG_WARN_SUSPICIOUS_MOVES = YES;
				CLANG_WARN_UNREACHABLE_CODE = YES;
				CLANG_WARN__DUPLICATE_METHOD_MATCH = YES;
				"CODE_SIGN_IDENTITY[sdk=iphoneos*]" = "iPhone Developer";
				COPY_PHASE_STRIP = NO;
				DEBUG_INFORMATION_FORMAT = dwarf;
				ENABLE_STRICT_OBJC_MSGSEND = YES;
				ENABLE_TESTABILITY = YES;
				GCC_C_LANGUAGE_STANDARD = gnu99;
				GCC_DYNAMIC_NO_PIC = NO;
				GCC_NO_COMMON_BLOCKS = YES;
				GCC_OPTIMIZATION_LEVEL = 0;
				GCC_PREPROCESSOR_DEFINITIONS = (
					"DEBUG=1",
					"$(inherited)",
				);
				GCC_WARN_64_TO_32_BIT_CONVERSION = YES;
				GCC_WARN_ABOUT_RETURN_TYPE = YES_ERROR;
				GCC_WARN_UNDECLARED_SELECTOR = YES;
				GCC_WARN_UNINITIALIZED_AUTOS = YES_AGGRESSIVE;
				GCC_WARN_UNUSED_FUNCTION = YES;
				GCC_WARN_UNUSED_VARIABLE = YES;
				IPHONEOS_DEPLOYMENT_TARGET = 10.1;
				MTL_ENABLE_DEBUG_INFO = YES;
				ONLY_ACTIVE_ARCH = YES;
				SDKROOT = iphoneos;
				TARGETED_DEVICE_FAMILY = "1,2";
			};
			name = Debug;
		};
		5569F8471E15FEC700914C51 /* Release */ = {
			isa = XCBuildConfiguration;
			buildSettings = {
				ALWAYS_SEARCH_USER_PATHS = NO;
				CLANG_ANALYZER_NONNULL = YES;
				CLANG_CXX_LANGUAGE_STANDARD = "gnu++0x";
				CLANG_CXX_LIBRARY = "libc++";
				CLANG_ENABLE_MODULES = YES;
				CLANG_ENABLE_OBJC_ARC = YES;
				CLANG_WARN_BOOL_CONVERSION = YES;
				CLANG_WARN_CONSTANT_CONVERSION = YES;
				CLANG_WARN_DIRECT_OBJC_ISA_USAGE = YES_ERROR;
				CLANG_WARN_DOCUMENTATION_COMMENTS = YES;
				CLANG_WARN_EMPTY_BODY = YES;
				CLANG_WARN_ENUM_CONVERSION = YES;
				CLANG_WARN_INFINITE_RECURSION = YES;
				CLANG_WARN_INT_CONVERSION = YES;
				CLANG_WARN_OBJC_ROOT_CLASS = YES_ERROR;
				CLANG_WARN_SUSPICIOUS_MOVES = YES;
				CLANG_WARN_UNREACHABLE_CODE = YES;
				CLANG_WARN__DUPLICATE_METHOD_MATCH = YES;
				"CODE_SIGN_IDENTITY[sdk=iphoneos*]" = "iPhone Developer";
				COPY_PHASE_STRIP = NO;
				DEBUG_INFORMATION_FORMAT = "dwarf-with-dsym";
				ENABLE_NS_ASSERTIONS = NO;
				ENABLE_STRICT_OBJC_MSGSEND = YES;
				GCC_C_LANGUAGE_STANDARD = gnu99;
				GCC_NO_COMMON_BLOCKS = YES;
				GCC_WARN_64_TO_32_BIT_CONVERSION = YES;
				GCC_WARN_ABOUT_RETURN_TYPE = YES_ERROR;
				GCC_WARN_UNDECLARED_SELECTOR = YES;
				GCC_WARN_UNINITIALIZED_AUTOS = YES_AGGRESSIVE;
				GCC_WARN_UNUSED_FUNCTION = YES;
				GCC_WARN_UNUSED_VARIABLE = YES;
				IPHONEOS_DEPLOYMENT_TARGET = 10.1;
				MTL_ENABLE_DEBUG_INFO = NO;
				SDKROOT = iphoneos;
				TARGETED_DEVICE_FAMILY = "1,2";
				VALIDATE_PRODUCT = YES;
			};
			name = Release;
		};
		5569F8491E15FEC700914C51 /* Debug */ = {
			isa = XCBuildConfiguration;
			buildSettings = {
				ASSETCATALOG_COMPILER_APPICON_NAME = AppIcon;
				DEVELOPMENT_TEAM = R2E5LV57X7;
				INFOPLIST_FILE = FirstDemo/Info.plist;
				LD_RUNPATH_SEARCH_PATHS = "$(inherited) @executable_path/Frameworks";
				PRODUCT_BUNDLE_IDENTIFIER = Bluelans.FirstDemo;
				PRODUCT_NAME = "$(TARGET_NAME)";
			};
			name = Debug;
		};
		5569F84A1E15FEC700914C51 /* Release */ = {
			isa = XCBuildConfiguration;
			buildSettings = {
				ASSETCATALOG_COMPILER_APPICON_NAME = AppIcon;
				DEVELOPMENT_TEAM = R2E5LV57X7;
				INFOPLIST_FILE = FirstDemo/Info.plist;
				LD_RUNPATH_SEARCH_PATHS = "$(inherited) @executable_path/Frameworks";
				PRODUCT_BUNDLE_IDENTIFIER = Bluelans.FirstDemo;
				PRODUCT_NAME = "$(TARGET_NAME)";
			};
			name = Release;
		};
		5569F84C1E15FEC700914C51 /* Debug */ = {
			isa = XCBuildConfiguration;
			buildSettings = {
				BUNDLE_LOADER = "$(TEST_HOST)";
				INFOPLIST_FILE = FirstDemoTests/Info.plist;
				LD_RUNPATH_SEARCH_PATHS = "$(inherited) @executable_path/Frameworks @loader_path/Frameworks";
				PRODUCT_BUNDLE_IDENTIFIER = Bluelans.FirstDemoTests;
				PRODUCT_NAME = "$(TARGET_NAME)";
				TEST_HOST = "$(BUILT_PRODUCTS_DIR)/FirstDemo.app/FirstDemo";
			};
			name = Debug;
		};
		5569F84D1E15FEC700914C51 /* Release */ = {
			isa = XCBuildConfiguration;
			buildSettings = {
				BUNDLE_LOADER = "$(TEST_HOST)";
				INFOPLIST_FILE = FirstDemoTests/Info.plist;
				LD_RUNPATH_SEARCH_PATHS = "$(inherited) @executable_path/Frameworks @loader_path/Frameworks";
				PRODUCT_BUNDLE_IDENTIFIER = Bluelans.FirstDemoTests;
				PRODUCT_NAME = "$(TARGET_NAME)";
				TEST_HOST = "$(BUILT_PRODUCTS_DIR)/FirstDemo.app/FirstDemo";
			};
			name = Release;
		};
		5569F84F1E15FEC700914C51 /* Debug */ = {
			isa = XCBuildConfiguration;
			buildSettings = {
				INFOPLIST_FILE = FirstDemoUITests/Info.plist;
				LD_RUNPATH_SEARCH_PATHS = "$(inherited) @executable_path/Frameworks @loader_path/Frameworks";
				PRODUCT_BUNDLE_IDENTIFIER = Bluelans.FirstDemoUITests;
				PRODUCT_NAME = "$(TARGET_NAME)";
				TEST_TARGET_NAME = FirstDemo;
			};
			name = Debug;
		};
		5569F8501E15FEC700914C51 /* Release */ = {
			isa = XCBuildConfiguration;
			buildSettings = {
				INFOPLIST_FILE = FirstDemoUITests/Info.plist;
				LD_RUNPATH_SEARCH_PATHS = "$(inherited) @executable_path/Frameworks @loader_path/Frameworks";
				PRODUCT_BUNDLE_IDENTIFIER = Bluelans.FirstDemoUITests;
				PRODUCT_NAME = "$(TARGET_NAME)";
				TEST_TARGET_NAME = FirstDemo;
			};
			name = Release;
		};
/* End XCBuildConfiguration section */

/* Begin XCConfigurationList section */
		5569F8161E15FEC700914C51 /* Build configuration list for PBXProject "FirstDemo" */ = {
			isa = XCConfigurationList;
			buildConfigurations = (
				5569F8461E15FEC700914C51 /* Debug */,
				5569F8471E15FEC700914C51 /* Release */,
			);
			defaultConfigurationIsVisible = 0;
			defaultConfigurationName = Release;
		};
		5569F8481E15FEC700914C51 /* Build configuration list for PBXNativeTarget "FirstDemo" */ = {
			isa = XCConfigurationList;
			buildConfigurations = (
				5569F8491E15FEC700914C51 /* Debug */,
				5569F84A1E15FEC700914C51 /* Release */,
			);
			defaultConfigurationIsVisible = 0;
			defaultConfigurationName = Release;
		};
		5569F84B1E15FEC700914C51 /* Build configuration list for PBXNativeTarget "FirstDemoTests" */ = {
			isa = XCConfigurationList;
			buildConfigurations = (
				5569F84C1E15FEC700914C51 /* Debug */,
				5569F84D1E15FEC700914C51 /* Release */,
			);
			defaultConfigurationIsVisible = 0;
			defaultConfigurationName = Release;
		};
		5569F84E1E15FEC700914C51 /* Build configuration list for PBXNativeTarget "FirstDemoUITests" */ = {
			isa = XCConfigurationList;
			buildConfigurations = (
				5569F84F1E15FEC700914C51 /* Debug */,
				5569F8501E15FEC700914C51 /* Release */,
			);
			defaultConfigurationIsVisible = 0;
			defaultConfigurationName = Release;
		};
/* End XCConfigurationList section */
	};
	rootObject = 5569F8131E15FEC700914C51 /* Project object */;
}
